
Microsoft Visual Studio Solution File, Format Version 12.00
Project("{FAE04EC0-301F-11D3-BF4B-00C04F79EFBC}") = "UnrealCppMigrator", "UnrealCppMigrator\UnrealCppMigrator.csproj", "{574C0CA7-28B3-43D4-97B6-5A0238483F31}"
EndProject
Global
	GlobalSection(SolutionConfigurationPlatforms) = preSolution
		Debug|Any CPU = Debug|Any CPU
		Release|Any CPU = Release|Any CPU
	EndGlobalSection
	GlobalSection(ProjectConfigurationPlatforms) = postSolution
		{574C0CA7-28B3-43D4-97B6-5A0238483F31}.Debug|Any CPU.ActiveCfg = Debug|Any CPU
		{574C0CA7-28B3-43D4-97B6-5A0238483F31}.Debug|Any CPU.Build.0 = Debug|Any CPU
		{574C0CA7-28B3-43D4-97B6-5A0238483F31}.Release|Any CPU.ActiveCfg = Release|Any CPU
		{574C0CA7-28B3-43D4-97B6-5A0238483F31}.Release|Any CPU.Build.0 = Release|Any CPU
	EndGlobalSection
EndGlobal
